
Microsoft Visual Studio Solution File, Format Version 12.00
# Visual Studio 15
VisualStudioVersion = 15.0.27428.2037
MinimumVisualStudioVersion = 10.0.40219.1
Project("{FAE04EC0-301F-11D3-BF4B-00C04F79EFBC}") = "MVC Tutorial", "MVC Tutorial\MVC Tutorial.csproj", "{ADE1EB42-F0D6-413A-A1F4-3A82A9463E0B}"
EndProject
Global
	GlobalSection(SolutionConfigurationPlatforms) = preSolution
		Debug|Any CPU = Debug|Any CPU
		Release|Any CPU = Release|Any CPU
	EndGlobalSection
	GlobalSection(ProjectConfigurationPlatforms) = postSolution
		{ADE1EB42-F0D6-413A-A1F4-3A82A9463E0B}.Debug|Any CPU.ActiveCfg = Debug|Any CPU
		{ADE1EB42-F0D6-413A-A1F4-3A82A9463E0B}.Debug|Any CPU.Build.0 = Debug|Any CPU
		{ADE1EB42-F0D6-413A-A1F4-3A82A9463E0B}.Release|Any CPU.ActiveCfg = Release|Any CPU
		{ADE1EB42-F0D6-413A-A1F4-3A82A9463E0B}.Release|Any CPU.Build.0 = Release|Any CPU
	EndGlobalSection
	GlobalSection(SolutionProperties) = preSolution
		HideSolutionNode = FALSE
	EndGlobalSection
	GlobalSection(ExtensibilityGlobals) = postSolution
		SolutionGuid = {92DA3D87-042D-4E11-B9DD-F31C4F601ACB}
	EndGlobalSection
EndGlobal
